{
  "name": "vrm-desktop-mascot",
  "version": "0.1.0",
  "lockfileVersion": 3,
  "requires": true,
  "packages": {
    "": {
      "name": "vrm-desktop-mascot",
      "version": "0.1.0",
      "hasInstallScript": true,
      "dependencies": {
        "@anthropic-ai/sdk": "^0.68.0",
        "@pixiv/three-vrm": "^3.5.5",
        "@pixiv/three-vrm-animation": "^3.5.5",
        "three": "^0.185.1"
      },
      "devDependencies": {
        "electron": "^43.0.0"
      }
    },
    "node_modules/@anthropic-ai/sdk": {
      "version": "0.68.0",
      "resolved": "https://registry.npmjs.org/@anthropic-ai/sdk/-/sdk-0.68.0.tgz",
      "integrity": "sha512-SMYAmbbiprG8k1EjEPMTwaTqssDT7Ae+jxcR5kWXiqTlbwMR2AthXtscEVWOHkRfyAV5+y3PFYTJRNa3OJWIEw==",
      "license": "MIT",
      "dependencies": {
        "json-schema-to-ts": "^3.1.1"
      },
      "bin": {
        "anthropic-ai-sdk": "bin/cli"
      },
      "peerDependencies": {
        "zod": "^3.25.0 || ^4.0.0"
      },
      "peerDependenciesMeta": {
        "zod": {
          "optional": true
        }
      }
    },
    "node_modules/@babel/runtime": {
      "version": "7.29.7",
      "resolved": "https://registry.npmjs.org/@babel/runtime/-/runtime-7.29.7.tgz",
      "integrity": "sha512-Nq8OhGWiZIZGV6hLHoyAKLLcJihP/xFeBMGJoUrxTX2psI8dCifzLhZISFb+VWS3wFMRDmCGw5R+dOySCqPLhw==",
      "license": "MIT",
      "engines": {
        "node": ">=6.9.0"
      }
    },
    "node_modules/@electron-internal/extract-zip": {
      "version": "1.0.4",
      "resolved": "https://registry.npmjs.org/@electron-internal/extract-zip/-/extract-zip-1.0.4.tgz",
      "integrity": "sha512-Zr1Vs7E9tpCNhZHDAbFVXc2gEVCG9RqPDjrno5+bdgB6LRAuvgyMHJut4NCVyYwtAieapMzc3fiQ3CSTi75ARg==",
      "dev": true,
      "license": "BSD-2-Clause",
      "engines": {
        "node": ">=22.12.0"
      }
    },
    "node_modules/@electron/get": {
      "version": "5.1.0",
      "resolved": "https://registry.npmjs.org/@electron/get/-/get-5.1.0.tgz",
      "integrity": "sha512-3kSBtG8ObcTVfXanm5vVJ6UnBLEVmVsRk1M+vGqCuMBV+XLCbJYuWQful+yIy0GQDsSlK0kHEriEHn7SPk4EnA==",
      "dev": true,
      "license": "MIT",
      "dependencies": {
        "debug": "^4.1.1",
        "env-paths": "^3.0.0",
        "graceful-fs": "^4.2.11",
        "progress": "^2.0.3",
        "semver": "^7.6.3",
        "sumchecker": "^3.0.1"
      },
      "engines": {
        "node": ">=22.12.0"
      },
      "optionalDependencies": {
        "undici": "^7.24.4"
      }
    },
    "node_modules/@pixiv/three-vrm": {
      "version": "3.5.5",
      "resolved": "https://registry.npmjs.org/@pixiv/three-vrm/-/three-vrm-3.5.5.tgz",
      "integrity": "sha512-RPXy7jYAXs704NIpZlosB0U2ENu21G9DrqGWdQgRe8dShaCo1ugpj+6BVPRCy91nt+MPMA96j5rbsSzEl0HlQA==",
      "license": "MIT",
      "dependencies": {
        "@pixiv/three-vrm-core": "3.5.5",
        "@pixiv/three-vrm-materials-hdr-emissive-multiplier": "3.5.5",
        "@pixiv/three-vrm-materials-mtoon": "3.5.5",
        "@pixiv/three-vrm-materials-v0compat": "3.5.5",
        "@pixiv/three-vrm-node-constraint": "3.5.5",
        "@pixiv/three-vrm-springbone": "3.5.5"
      },
      "peerDependencies": {
        "three": ">=0.137"
      }
    },
    "node_modules/@pixiv/three-vrm-animation": {
      "version": "3.5.5",
      "resolved": "https://registry.npmjs.org/@pixiv/three-vrm-animation/-/three-vrm-animation-3.5.5.tgz",
      "integrity": "sha512-Q0kEtmftxfv0iCUHQkJH2jAr1zmT9ywYXnAzhxnLPMYCsx0Kken3J3U2GJF9PdGZmLlKpoK0LFEXVdD/L7ZA4Q==",
      "license": "MIT",
      "dependencies": {
        "@pixiv/three-vrm-core": "3.5.5",
        "@pixiv/types-vrmc-vrm-1.0": "3.5.5",
        "@pixiv/types-vrmc-vrm-animation-1.0": "3.5.5"
      },
      "peerDependencies": {
        "three": ">=0.137"
      }
    },
    "node_modules/@pixiv/three-vrm-core": {
      "version": "3.5.5",
      "resolved": "https://registry.npmjs.org/@pixiv/three-vrm-core/-/three-vrm-core-3.5.5.tgz",
      "integrity": "sha512-jjaXZbMVRsk2HAGVxqDLmSJyGOJqbMcJpuTHR1TY/TN1FxiKdAzSqdr/ZUcczYipNf8IL9vDT9NX2XmWj+ybRQ==",
      "license": "MIT",
      "dependencies": {
        "@pixiv/types-vrm-0.0": "3.5.5",
        "@pixiv/types-vrmc-vrm-1.0": "3.5.5"
      },
      "peerDependencies": {
        "three": ">=0.137"
      }
    },
    "node_modules/@pixiv/three-vrm-materials-hdr-emissive-multiplier": {
      "version": "3.5.5",
      "resolved": "https://registry.npmjs.org/@pixiv/three-vrm-materials-hdr-emissive-multiplier/-/three-vrm-materials-hdr-emissive-multiplier-3.5.5.tgz",
      "integrity": "sha512-XnHEqpY4ctYMucpeRcptdphOe0RrW7V5fUvojasD8Ja4MTjjrjCNFxsAvp3+HBkPZbkTM2sDCjJBJNzxN1scrA==",
      "license": "MIT",
      "dependencies": {
        "@pixiv/types-vrmc-materials-hdr-emissive-multiplier-1.0": "3.5.5"
      },
      "peerDependencies": {
        "three": ">=0.137"
      }
    },
    "node_modules/@pixiv/three-vrm-materials-mtoon": {
      "version": "3.5.5",
      "resolved": "https://registry.npmjs.org/@pixiv/three-vrm-materials-mtoon/-/three-vrm-materials-mtoon-3.5.5.tgz",
      "integrity": "sha512-7lThHf4OKBOsVenD+R6L6HffNUlKO3Twnhr3+z77MnUsSzsOanjVKJtjSIly9QJ6hgl8YJmI6RnxCKqXcpplog==",
      "license": "MIT",
      "dependencies": {
        "@pixiv/types-vrm-0.0": "3.5.5",
        "@pixiv/types-vrmc-materials-mtoon-1.0": "3.5.5"
      },
      "peerDependencies": {
        "three": ">=0.137"
      }
    },
    "node_modules/@pixiv/three-vrm-materials-v0compat": {
      "version": "3.5.5",
      "resolved": "https://registry.npmjs.org/@pixiv/three-vrm-materials-v0compat/-/three-vrm-materials-v0compat-3.5.5.tgz",
      "integrity": "sha512-NjsTK4P4qdcr+RoL2gEUNgF2CY/aplNvyHHxI99N7D6CxDZ2H93FQ9aIuLCABj5b+4CIvldWMCcnS7YuLIr3Lw==",
      "license": "MIT",
      "dependencies": {
        "@pixiv/types-vrm-0.0": "3.5.5",
        "@pixiv/types-vrmc-materials-mtoon-1.0": "3.5.5"
      },
      "peerDependencies": {
        "three": ">=0.137"
      }
    },
    "node_modules/@pixiv/three-vrm-node-constraint": {
      "version": "3.5.5",
      "resolved": "https://registry.npmjs.org/@pixiv/three-vrm-node-constraint/-/three-vrm-node-constraint-3.5.5.tgz",
      "integrity": "sha512-+ShEXioZ5Ctf0EZ5ZViZ4n0jhV/qtJRH0Juw8nRnMNODZXDSr+B3An2lrfRoMhowCzG63GiUG4lXWV9noMXosA==",
      "license": "MIT",
      "dependencies": {
        "@pixiv/types-vrmc-node-constraint-1.0": "3.5.5"
      },
      "peerDependencies": {
        "three": ">=0.137"
      }
    },
    "node_modules/@pixiv/three-vrm-springbone": {
      "version": "3.5.5",
      "resolved": "https://registry.npmjs.org/@pixiv/three-vrm-springbone/-/three-vrm-springbone-3.5.5.tgz",
      "integrity": "sha512-GWAWrIegGH/u1ZA+Es03Qzc2yafrQOrhtal9jzUIAgU8Wm2DYuqAABOY+du/9RpBRK8D4T8DBPvRGQqvfrQ/uA==",
      "license": "MIT",
      "dependencies": {
        "@pixiv/types-vrm-0.0": "3.5.5",
        "@pixiv/types-vrmc-springbone-1.0": "3.5.5",
        "@pixiv/types-vrmc-springbone-extended-collider-1.0": "3.5.5"
      },
      "peerDependencies": {
        "three": ">=0.137"
      }
    },
    "node_modules/@pixiv/types-vrm-0.0": {
      "version": "3.5.5",
      "resolved": "https://registry.npmjs.org/@pixiv/types-vrm-0.0/-/types-vrm-0.0-3.5.5.tgz",
      "integrity": "sha512-2S/0jswMjJTwL9ky8YzDR0CIaP6ZmE+HFuyW/0h+SA+awELf+J7WGgC8lTLM1MXzokO7Z2YVljU2F0fEhlKDIQ==",
      "license": "MIT"
    },
    "node_modules/@pixiv/types-vrmc-materials-hdr-emissive-multiplier-1.0": {
      "version": "3.5.5",
      "resolved": "https://registry.npmjs.org/@pixiv/types-vrmc-materials-hdr-emissive-multiplier-1.0/-/types-vrmc-materials-hdr-emissive-multiplier-1.0-3.5.5.tgz",
      "integrity": "sha512-IuHw9ehXt2bymqfdFV+f2cCXo8kvJUfh0Zuut8qmKXoEb7HVyLGIQyS4TcQHG5yY22UTWHI1Axo5tQv35lPTgQ==",
      "license": "MIT"
    },
    "node_modules/@pixiv/types-vrmc-materials-mtoon-1.0": {
      "version": "3.5.5",
      "resolved": "https://registry.npmjs.org/@pixiv/types-vrmc-materials-mtoon-1.0/-/types-vrmc-materials-mtoon-1.0-3.5.5.tgz",
      "integrity": "sha512-GFVuksAJVhrWTXYmI/ucNsE611/d8N6BoZrzhUAAINndt98loyzapW2+DJu+GsUBO5yxd+vLsL0FB16XD9+TGg==",
      "license": "MIT"
    },
    "node_modules/@pixiv/types-vrmc-node-constraint-1.0": {
      "version": "3.5.5",
      "resolved": "https://registry.npmjs.org/@pixiv/types-vrmc-node-constraint-1.0/-/types-vrmc-node-constraint-1.0-3.5.5.tgz",
      "integrity": "sha512-8EbJ1uzkn9yJQarCChmpG12+mc2c7PimHvQ8H6/tMh/hqp5NtJND0z2lR2KeVxw9A3M+TpF+xgImhLBxGjqwzQ==",
      "license": "MIT"
    },
    "node_modules/@pixiv/types-vrmc-springbone-1.0": {
      "version": "3.5.5",
      "resolved": "https://registry.npmjs.org/@pixiv/types-vrmc-springbone-1.0/-/types-vrmc-springbone-1.0-3.5.5.tgz",
      "integrity": "sha512-gRQ5Y7PaGiMefvOrJ3hvoSPqpA67jiwyhwh8ItjsPi3yri/Hn3CeXplW3Cbx3ZPbfu+C3Q2MCRa2TqAUOjeMRA==",
      "license": "MIT"
    },
    "node_modules/@pixiv/types-vrmc-springbone-extended-collider-1.0": {
      "version": "3.5.5",
      "resolved": "https://registry.npmjs.org/@pixiv/types-vrmc-springbone-extended-collider-1.0/-/types-vrmc-springbone-extended-collider-1.0-3.5.5.tgz",
      "integrity": "sha512-+6RxLaAvVguP7upjS/OT4viNPWvac1HBRQY1nmdvfYNQuCMdrMsCZqvy2af0Fcjnda4V9JbKFIpZDC0lrw1+uQ==",
      "license": "MIT"
    },
    "node_modules/@pixiv/types-vrmc-vrm-1.0": {
      "version": "3.5.5",
      "resolved": "https://registry.npmjs.org/@pixiv/types-vrmc-vrm-1.0/-/types-vrmc-vrm-1.0-3.5.5.tgz",
      "integrity": "sha512-WnemHHo2375BcBdumEhvrupZzsMSzTfdWlokmV9sUX2oC+OAQqJFfBjLF8ppkOhzHpl4MAPJqEfuhBJtNPm9ww==",
      "license": "MIT"
    },
    "node_modules/@pixiv/types-vrmc-vrm-animation-1.0": {
      "version": "3.5.5",
      "resolved": "https://registry.npmjs.org/@pixiv/types-vrmc-vrm-animation-1.0/-/types-vrmc-vrm-animation-1.0-3.5.5.tgz",
      "integrity": "sha512-pyow6wBLdRZbLQbtHqu8uvYG+NXJbwIiLVK6pM6UvtaYotecOv43t6qIdMLYuieV+F+bEJcdfOLFZZVolrOOcQ==",
      "license": "MIT",
      "dependencies": {
        "@pixiv/types-vrmc-vrm-1.0": "3.5.5"
      }
    },
    "node_modules/@types/node": {
      "version": "24.13.3",
      "resolved": "https://registry.npmjs.org/@types/node/-/node-24.13.3.tgz",
      "integrity": "sha512-Dh8vAsV36ig5wa9OX4pXvMc9D3Veibfw2wix0CUwYODLD8nkj9UsLjASr49nPg+2eKzxhBV+v7L8pXvT4e639Q==",
      "dev": true,
      "license": "MIT",
      "dependencies": {
        "undici-types": "~7.18.0"
      }
    },
    "node_modules/debug": {
      "version": "4.4.3",
      "resolved": "https://registry.npmjs.org/debug/-/debug-4.4.3.tgz",
      "integrity": "sha512-RGwwWnwQvkVfavKVt22FGLw+xYSdzARwm0ru6DhTVA3umU5hZc28V3kO4stgYryrTlLpuvgI9GiijltAjNbcqA==",
      "dev": true,
      "license": "MIT",
      "dependencies": {
        "ms": "^2.1.3"
      },
      "engines": {
        "node": ">=6.0"
      },
      "peerDependenciesMeta": {
        "supports-color": {
          "optional": true
        }
      }
    },
    "node_modules/electron": {
      "version": "43.2.0",
      "resolved": "https://registry.npmjs.org/electron/-/electron-43.2.0.tgz",
      "integrity": "sha512-80zvrgG7ZRXD+tD0IyLvrnN9n+veSxadMRsMaC9wKKP3iUbtC7rGM8+dVuCmOb0Rrwwv8ESW4awnUZh9Hbp1fA==",
      "dev": true,
      "license": "MIT",
      "dependencies": {
        "@electron-internal/extract-zip": "^1.0.1",
        "@electron/get": "^5.0.0",
        "@types/node": "^24.9.0"
      },
      "bin": {
        "electron": "cli.js",
        "install-electron": "install.js"
      },
      "engines": {
        "node": ">= 22.12.0"
      }
    },
    "node_modules/env-paths": {
      "version": "3.0.0",
      "resolved": "https://registry.npmjs.org/env-paths/-/env-paths-3.0.0.tgz",
      "integrity": "sha512-dtJUTepzMW3Lm/NPxRf3wP4642UWhjL2sQxc+ym2YMj1m/H2zDNQOlezafzkHwn6sMstjHTwG6iQQsctDW/b1A==",
      "dev": true,
      "license": "MIT",
      "engines": {
        "node": "^12.20.0 || ^14.13.1 || >=16.0.0"
      },
      "funding": {
        "url": "https://github.com/sponsors/sindresorhus"
      }
    },
    "node_modules/graceful-fs": {
      "version": "4.2.11",
      "resolved": "https://registry.npmjs.org/graceful-fs/-/graceful-fs-4.2.11.tgz",
      "integrity": "sha512-RbJ5/jmFcNNCcDV5o9eTnBLJ/HszWV0P73bc+Ff4nS/rJj+YaS6IGyiOL0VoBYX+l1Wrl3k63h/KrH+nhJ0XvQ==",
      "dev": true,
      "license": "ISC"
    },
    "node_modules/json-schema-to-ts": {
      "version": "3.1.1",
      "resolved": "https://registry.npmjs.org/json-schema-to-ts/-/json-schema-to-ts-3.1.1.tgz",
      "integrity": "sha512-+DWg8jCJG2TEnpy7kOm/7/AxaYoaRbjVB4LFZLySZlWn8exGs3A4OLJR966cVvU26N7X9TWxl+Jsw7dzAqKT6g==",
      "license": "MIT",
      "dependencies": {
        "@babel/runtime": "^7.18.3",
        "ts-algebra": "^2.0.0"
      },
      "engines": {
        "node": ">=16"
      }
    },
    "node_modules/ms": {
      "version": "2.1.3",
      "resolved": "https://registry.npmjs.org/ms/-/ms-2.1.3.tgz",
      "integrity": "sha512-6FlzubTLZG3J2a/NVCAleEhjzq5oxgHyaCU9yYXvcLsvoVaHJq/s5xXI6/XXP6tz7R9xAOtHnSO/tXtF3WRTlA==",
      "dev": true,
      "license": "MIT"
    },
    "node_modules/progress": {
      "version": "2.0.3",
      "resolved": "https://registry.npmjs.org/progress/-/progress-2.0.3.tgz",
      "integrity": "sha512-7PiHtLll5LdnKIMw100I+8xJXR5gW2QwWYkT6iJva0bXitZKa/XMrSbdmg3r2Xnaidz9Qumd0VPaMrZlF9V9sA==",
      "dev": true,
      "license": "MIT",
      "engines": {
        "node": ">=0.4.0"
      }
    },
    "node_modules/semver": {
      "version": "7.8.5",
      "resolved": "https://registry.npmjs.org/semver/-/semver-7.8.5.tgz",
      "integrity": "sha512-Y7/KDsb8LjooZpwaqGyulO6DQlksgCncchHGk+sZIY4SBvUocMBEFH5Ur1fI4dV+Jvl0w6cjvucaIi40puRioA==",
      "dev": true,
      "license": "ISC",
      "bin": {
        "semver": "bin/semver.js"
      },
      "engines": {
        "node": ">=10"
      }
    },
    "node_modules/sumchecker": {
      "version": "3.0.1",
      "resolved": "https://registry.npmjs.org/sumchecker/-/sumchecker-3.0.1.tgz",
      "integrity": "sha512-MvjXzkz/BOfyVDkG0oFOtBxHX2u3gKbMHIF/dXblZsgD3BWOFLmHovIpZY7BykJdAjcqRCBi1WYBNdEC9yI7vg==",
      "dev": true,
      "license": "Apache-2.0",
      "dependencies": {
        "debug": "^4.1.0"
      },
      "engines": {
        "node": ">= 8.0"
      }
    },
    "node_modules/three": {
      "version": "0.185.1",
      "resolved": "https://registry.npmjs.org/three/-/three-0.185.1.tgz",
      "integrity": "sha512-5aojFCXKwnjBRZvUnt3WFfEcvUJgkN5LlijRFN95hMy8WVkG4I0QNcJE+OuWvuJ0bOdStrbfXn0pkd6/QyiAlg==",
      "license": "MIT"
    },
    "node_modules/ts-algebra": {
      "version": "2.0.0",
      "resolved": "https://registry.npmjs.org/ts-algebra/-/ts-algebra-2.0.0.tgz",
      "integrity": "sha512-FPAhNPFMrkwz76P7cdjdmiShwMynZYN6SgOujD1urY4oNm80Ou9oMdmbR45LotcKOXoy7wSmHkRFE6Mxbrhefw==",
      "license": "MIT"
    },
    "node_modules/undici": {
      "version": "7.29.0",
      "resolved": "https://registry.npmjs.org/undici/-/undici-7.29.0.tgz",
      "integrity": "sha512-IDxfleLmmbSskfWSUATiN1nfn2rDuvnMOqb5CWR92iIfojA0Ud+ulOAAEQ57LPr9rWmsreUyf5lwyao+7GNNVw==",
      "dev": true,
      "license": "MIT",
      "optional": true,
      "engines": {
        "node": ">=20.18.1"
      }
    },
    "node_modules/undici-types": {
      "version": "7.18.2",
      "resolved": "https://registry.npmjs.org/undici-types/-/undici-types-7.18.2.tgz",
      "integrity": "sha512-AsuCzffGHJybSaRrmr5eHr81mwJU3kjw6M+uprWvCXiNeN9SOGwQ3Jn8jb8m3Z6izVgknn1R0FTCEAP2QrLY/w==",
      "dev": true,
      "license": "MIT"
    }
  }
}
